
Microsoft Visual Studio Solution File, Format Version 12.00
# Visual Studio Version 17
VisualStudioVersion = 17.6.33815.320
MinimumVisualStudioVersion = 10.0.40219.1
Project("{8BC9CEB8-8B4A-11D0-8D11-00A0C91BC942}") = "Vjezba4", "Vjezba4\Vjezba4.vcxproj", "{AD41B9F6-2C4D-4B0A-B1B9-10E02B08331B}"
EndProject
Global
	GlobalSection(SolutionConfigurationPlatforms) = preSolution
		Debug|x64 = Debug|x64
		Debug|x86 = Debug|x86
		Release|x64 = Release|x64
		Release|x86 = Release|x86
	EndGlobalSection
	GlobalSection(ProjectConfigurationPlatforms) = postSolution
		{AD41B9F6-2C4D-4B0A-B1B9-10E02B08331B}.Debug|x64.ActiveCfg = Debug|x64
		{AD41B9F6-2C4D-4B0A-B1B9-10E02B08331B}.Debug|x64.Build.0 = Debug|x64
		{AD41B9F6-2C4D-4B0A-B1B9-10E02B08331B}.Debug|x86.ActiveCfg = Debug|Win32
		{AD41B9F6-2C4D-4B0A-B1B9-10E02B08331B}.Debug|x86.Build.0 = Debug|Win32
		{AD41B9F6-2C4D-4B0A-B1B9-10E02B08331B}.Release|x64.ActiveCfg = Release|x64
		{AD41B9F6-2C4D-4B0A-B1B9-10E02B08331B}.Release|x64.Build.0 = Release|x64
		{AD41B9F6-2C4D-4B0A-B1B9-10E02B08331B}.Release|x86.ActiveCfg = Release|Win32
		{AD41B9F6-2C4D-4B0A-B1B9-10E02B08331B}.Release|x86.Build.0 = Release|Win32
	EndGlobalSection
	GlobalSection(SolutionProperties) = preSolution
		HideSolutionNode = FALSE
	EndGlobalSection
	GlobalSection(ExtensibilityGlobals) = postSolution
		SolutionGuid = {69282B41-20D3-448C-B6C8-EAD2EC84C974}
	EndGlobalSection
EndGlobal
